
Microsoft Visual Studio Solution File, Format Version 12.00
# Visual Studio Version 16
VisualStudioVersion = 16.0.30523.141
MinimumVisualStudioVersion = 10.0.40219.1
Project("{FAE04EC0-301F-11D3-BF4B-00C04F79EFBC}") = "apiOperacion", "apiOperacion\apiOperacion.csproj", "{6B79E27F-0BA6-46BB-B003-40F6CCA56C03}"
EndProject
Global
	GlobalSection(SolutionConfigurationPlatforms) = preSolution
		Debug|Any CPU = Debug|Any CPU
		Release|Any CPU = Release|Any CPU
	EndGlobalSection
	GlobalSection(ProjectConfigurationPlatforms) = postSolution
		{6B79E27F-0BA6-46BB-B003-40F6CCA56C03}.Debug|Any CPU.ActiveCfg = Debug|Any CPU
		{6B79E27F-0BA6-46BB-B003-40F6CCA56C03}.Debug|Any CPU.Build.0 = Debug|Any CPU
		{6B79E27F-0BA6-46BB-B003-40F6CCA56C03}.Release|Any CPU.ActiveCfg = Release|Any CPU
		{6B79E27F-0BA6-46BB-B003-40F6CCA56C03}.Release|Any CPU.Build.0 = Release|Any CPU
	EndGlobalSection
	GlobalSection(SolutionProperties) = preSolution
		HideSolutionNode = FALSE
	EndGlobalSection
	GlobalSection(ExtensibilityGlobals) = postSolution
		SolutionGuid = {D572276B-F6A4-49AA-9507-DACB92E4240B}
	EndGlobalSection
EndGlobal
